// !$*UTF8*$!
{
	archiveVersion = 1;
	classes = {
	};
	objectVersion = 46;
	objects = {

/* Begin PBXBuildFile section */
		02497C511EB60783004EABFB /* AppDelegate.swift in Sources */ = {isa = PBXBuildFile; fileRef = 02497C501EB60783004EABFB /* AppDelegate.swift */; };
		02497C531EB60783004EABFB /* ViewController.swift in Sources */ = {isa = PBXBuildFile; fileRef = 02497C521EB60783004EABFB /* ViewController.swift */; };
		02497C551EB60783004EABFB /* Assets.xcassets in Resources */ = {isa = PBXBuildFile; fileRef = 02497C541EB60783004EABFB /* Assets.xcassets */; };
		02497C581EB60784004EABFB /* Main.storyboard in Resources */ = {isa = PBXBuildFile; fileRef = 02497C561EB60783004EABFB /* Main.storyboard */; };
		02497C601EB60DF2004EABFB /* WindowController.swift in Sources */ = {isa = PBXBuildFile; fileRef = 02497C5F1EB60DF2004EABFB /* WindowController.swift */; };
/* End PBXBuildFile section */

/* Begin PBXFileReference section */
		02497C4D1EB60783004EABFB /* Elemental.app */ = {isa = PBXFileReference; explicitFileType = wrapper.application; includeInIndex = 0; path = Elemental.app; sourceTree = BUILT_PRODUCTS_DIR; };
		02497C501EB60783004EABFB /* AppDelegate.swift */ = {isa = PBXFileReference; lastKnownFileType = sourcecode.swift; path = AppDelegate.swift; sourceTree = "<group>"; };
		02497C521EB60783004EABFB /* ViewController.swift */ = {isa = PBXFileReference; lastKnownFileType = sourcecode.swift; path = ViewController.swift; sourceTree = "<group>"; };
		02497C541EB60783004EABFB /* Assets.xcassets */ = {isa = PBXFileReference; lastKnownFileType = folder.assetcatalog; path = Assets.xcassets; sourceTree = "<group>"; };
		02497C571EB60783004EABFB /* Base */ = {isa = PBXFileReference; lastKnownFileType = file.storyboard; name = Base; path = Base.lproj/Main.storyboard; sourceTree = "<group>"; };
		02497C591EB60784004EABFB /* Info.plist */ = {isa = PBXFileReference; lastKnownFileType = text.plist.xml; path = Info.plist; sourceTree = "<group>"; };
		02497C5F1EB60DF2004EABFB /* WindowController.swift */ = {isa = PBXFileReference; fileEncoding = 4; lastKnownFileType = sourcecode.swift; path = WindowController.swift; sourceTree = "<group>"; };
/* End PBXFileReference section */

/* Begin PBXFrameworksBuildPhase section */
		02497C4A1EB60783004EABFB /* Frameworks */ = {
			isa = PBXFrameworksBuildPhase;
			buildActionMask = 2147483647;
			files = (
			);
			runOnlyForDeploymentPostprocessing = 0;
		};
/* End PBXFrameworksBuildPhase section */

/* Begin PBXGroup section */
		02497C441EB60783004EABFB = {
			isa = PBXGroup;
			children = (
				02497C4F1EB60783004EABFB /* Elemental */,
				02497C4E1EB60783004EABFB /* Products */,
			);
			sourceTree = "<group>";
		};
		02497C4E1EB60783004EABFB /* Products */ = {
			isa = PBXGroup;
			children = (
				02497C4D1EB60783004EABFB /* Elemental.app */,
			);
			name = Products;
			sourceTree = "<group>";
		};
		02497C4F1EB60783004EABFB /* Elemental */ = {
			isa = PBXGroup;
			children = (
				02497C501EB60783004EABFB /* AppDelegate.swift */,
				02497C521EB60783004EABFB /* ViewController.swift */,
				02497C541EB60783004EABFB /* Assets.xcassets */,
				02497C561EB60783004EABFB /* Main.storyboard */,
				02497C5F1EB60DF2004EABFB /* WindowController.swift */,
				02497C591EB60784004EABFB /* Info.plist */,
			);
			path = Elemental;
			sourceTree = "<group>";
		};
/* End PBXGroup section */

/* Begin PBXNativeTarget section */
		02497C4C1EB60783004EABFB /* Elemental */ = {
			isa = PBXNativeTarget;
			buildConfigurationList = 02497C5C1EB60784004EABFB /* Build configuration list for PBXNativeTarget "Elemental" */;
			buildPhases = (
				02497C491EB60783004EABFB /* Sources */,
				02497C4A1EB60783004EABFB /* Frameworks */,
				02497C4B1EB60783004EABFB /* Resources */,
			);
			buildRules = (
			);
			dependencies = (
			);
			name = Elemental;
			productName = Elemental;
			productReference = 02497C4D1EB60783004EABFB /* Elemental.app */;
			productType = "com.apple.product-type.application";
		};
/* End PBXNativeTarget section */

/* Begin PBXProject section */
		02497C451EB60783004EABFB /* Project object */ = {
			isa = PBXProject;
			attributes = {
				LastSwiftUpdateCheck = 0830;
				LastUpgradeCheck = 0830;
				ORGANIZATIONNAME = StudioRepublika;
				TargetAttributes = {
					02497C4C1EB60783004EABFB = {
						CreatedOnToolsVersion = 8.3;
						DevelopmentTeam = JWMHJ2H5Y5;
						ProvisioningStyle = Automatic;
					};
				};
			};
			buildConfigurationList = 02497C481EB60783004EABFB /* Build configuration list for PBXProject "Elemental" */;
			compatibilityVersion = "Xcode 3.2";
			developmentRegion = English;
			hasScannedForEncodings = 0;
			knownRegions = (
				en,
				Base,
			);
			mainGroup = 02497C441EB60783004EABFB;
			productRefGroup = 02497C4E1EB60783004EABFB /* Products */;
			projectDirPath = "";
			projectRoot = "";
			targets = (
				02497C4C1EB60783004EABFB /* Elemental */,
			);
		};
/* End PBXProject section */

/* Begin PBXResourcesBuildPhase section */
		02497C4B1EB60783004EABFB /* Resources */ = {
			isa = PBXResourcesBuildPhase;
			buildActionMask = 2147483647;
			files = (
				02497C551EB60783004EABFB /* Assets.xcassets in Resources */,
				02497C581EB60784004EABFB /* Main.storyboard in Resources */,
			);
			runOnlyForDeploymentPostprocessing = 0;
		};
/* End PBXResourcesBuildPhase section */

/* Begin PBXSourcesBuildPhase section */
		02497C491EB60783004EABFB /* Sources */ = {
			isa = PBXSourcesBuildPhase;
			buildActionMask = 2147483647;
			files = (
				02497C531EB60783004EABFB /* ViewController.swift in Sources */,
				02497C601EB60DF2004EABFB /* WindowController.swift in Sources */,
				02497C511EB60783004EABFB /* AppDelegate.swift in Sources */,
			);
			runOnlyForDeploymentPostprocessing = 0;
		};
/* End PBXSourcesBuildPhase section */

/* Begin PBXVariantGroup section */
		02497C561EB60783004EABFB /* Main.storyboard */ = {
			isa = PBXVariantGroup;
			children = (
				02497C571EB60783004EABFB /* Base */,
			);
			name = Main.storyboard;
			sourceTree = "<group>";
		};
/* End PBXVariantGroup section */

/* Begin XCBuildConfiguration section */
		02497C5A1EB60784004EABFB /* Debug */ = {
			isa = XCBuildConfiguration;
			buildSettings = {
				ALWAYS_SEARCH_USER_PATHS = NO;
				CLANG_ANALYZER_NONNULL = YES;
				CLANG_ANALYZER_NUMBER_OBJECT_CONVERSION = YES_AGGRESSIVE;
				CLANG_CXX_LANGUAGE_STANDARD = "gnu++0x";
				CLANG_CXX_LIBRARY = "libc++";
				CLANG_ENABLE_MODULES = YES;
				CLANG_ENABLE_OBJC_ARC = YES;
				CLANG_WARN_BOOL_CONVERSION = YES;
				CLANG_WARN_CONSTANT_CONVERSION = YES;
				CLANG_WARN_DIRECT_OBJC_ISA_USAGE = YES_ERROR;
				CLANG_WARN_DOCUMENTATION_COMMENTS = YES;
				CLANG_WARN_EMPTY_BODY = YES;
				CLANG_WARN_ENUM_CONVERSION = YES;
				CLANG_WARN_INFINITE_RECURSION = YES;
				CLANG_WARN_INT_CONVERSION = YES;
				CLANG_WARN_OBJC_ROOT_CLASS = YES_ERROR;
				CLANG_WARN_SUSPICIOUS_MOVE = YES;
				CLANG_WARN_UNREACHABLE_CODE = YES;
				CLANG_WARN__DUPLICATE_METHOD_MATCH = YES;
				CODE_SIGN_IDENTITY = "-";
				COPY_PHASE_STRIP = NO;
				DEBUG_INFORMATION_FORMAT = dwarf;
				ENABLE_STRICT_OBJC_MSGSEND = YES;
				ENABLE_TESTABILITY = YES;
				GCC_C_LANGUAGE_STANDARD = gnu99;
				GCC_DYNAMIC_NO_PIC = NO;
				GCC_NO_COMMON_BLOCKS = YES;
				GCC_OPTIMIZATION_LEVEL = 0;
				GCC_PREPROCESSOR_DEFINITIONS = (
					"DEBUG=1",
					"$(inherited)",
				);
				GCC_WARN_64_TO_32_BIT_CONVERSION = YES;
				GCC_WARN_ABOUT_RETURN_TYPE = YES_ERROR;
				GCC_WARN_UNDECLARED_SELECTOR = YES;
				GCC_WARN_UNINITIALIZED_AUTOS = YES_AGGRESSIVE;
				GCC_WARN_UNUSED_FUNCTION = YES;
				GCC_WARN_UNUSED_VARIABLE = YES;
				MACOSX_DEPLOYMENT_TARGET = 10.12;
				MTL_ENABLE_DEBUG_INFO = YES;
				ONLY_ACTIVE_ARCH = YES;
				SDKROOT = macosx;
				SWIFT_ACTIVE_COMPILATION_CONDITIONS = DEBUG;
				SWIFT_OPTIMIZATION_LEVEL = "-Onone";
			};
			name = Debug;
		};
		02497C5B1EB60784004EABFB /* Release */ = {
			isa = XCBuildConfiguration;
			buildSettings = {
				ALWAYS_SEARCH_USER_PATHS = NO;
				CLANG_ANALYZER_NONNULL = YES;
				CLANG_ANALYZER_NUMBER_OBJECT_CONVERSION = YES_AGGRESSIVE;
				CLANG_CXX_LANGUAGE_STANDARD = "gnu++0x";
				CLANG_CXX_LIBRARY = "libc++";
				CLANG_ENABLE_MODULES = YES;
				CLANG_ENABLE_OBJC_ARC = YES;
				CLANG_WARN_BOOL_CONVERSION = YES;
				CLANG_WARN_CONSTANT_CONVERSION = YES;
				CLANG_WARN_DIRECT_OBJC_ISA_USAGE = YES_ERROR;
				CLANG_WARN_DOCUMENTATION_COMMENTS = YES;
				CLANG_WARN_EMPTY_BODY = YES;
				CLANG_WARN_ENUM_CONVERSION = YES;
				CLANG_WARN_INFINITE_RECURSION = YES;
				CLANG_WARN_INT_CONVERSION = YES;
				CLANG_WARN_OBJC_ROOT_CLASS = YES_ERROR;
				CLANG_WARN_SUSPICIOUS_MOVE = YES;
				CLANG_WARN_UNREACHABLE_CODE = YES;
				CLANG_WARN__DUPLICATE_METHOD_MATCH = YES;
				CODE_SIGN_IDENTITY = "-";
				COPY_PHASE_STRIP = NO;
				DEBUG_INFORMATION_FORMAT = "dwarf-with-dsym";
				ENABLE_NS_ASSERTIONS = NO;
				ENABLE_STRICT_OBJC_MSGSEND = YES;
				GCC_C_LANGUAGE_STANDARD = gnu99;
				GCC_NO_COMMON_BLOCKS = YES;
				GCC_WARN_64_TO_32_BIT_CONVERSION = YES;
				GCC_WARN_ABOUT_RETURN_TYPE = YES_ERROR;
				GCC_WARN_UNDECLARED_SELECTOR = YES;
				GCC_WARN_UNINITIALIZED_AUTOS = YES_AGGRESSIVE;
				GCC_WARN_UNUSED_FUNCTION = YES;
				GCC_WARN_UNUSED_VARIABLE = YES;
				MACOSX_DEPLOYMENT_TARGET = 10.12;
				MTL_ENABLE_DEBUG_INFO = NO;
				SDKROOT = macosx;
				SWIFT_OPTIMIZATION_LEVEL = "-Owholemodule";
			};
			name = Release;
		};
		02497C5D1EB60784004EABFB /* Debug */ = {
			isa = XCBuildConfiguration;
			buildSettings = {
				ASSETCATALOG_COMPILER_APPICON_NAME = AppIcon;
				COMBINE_HIDPI_IMAGES = YES;
				DEVELOPMENT_TEAM = JWMHJ2H5Y5;
				INFOPLIST_FILE = Elemental/Info.plist;
				LD_RUNPATH_SEARCH_PATHS = "$(inherited) @executable_path/../Frameworks";
				PRODUCT_BUNDLE_IDENTIFIER = com.StudioRepublika.Elemental;
				PRODUCT_NAME = "$(TARGET_NAME)";
				SWIFT_VERSION = 3.0;
			};
			name = Debug;
		};
		02497C5E1EB60784004EABFB /* Release */ = {
			isa = XCBuildConfiguration;
			buildSettings = {
				ASSETCATALOG_COMPILER_APPICON_NAME = AppIcon;
				COMBINE_HIDPI_IMAGES = YES;
				DEVELOPMENT_TEAM = JWMHJ2H5Y5;
				INFOPLIST_FILE = Elemental/Info.plist;
				LD_RUNPATH_SEARCH_PATHS = "$(inherited) @executable_path/../Frameworks";
				PRODUCT_BUNDLE_IDENTIFIER = com.StudioRepublika.Elemental;
				PRODUCT_NAME = "$(TARGET_NAME)";
				SWIFT_VERSION = 3.0;
			};
			name = Release;
		};
/* End XCBuildConfiguration section */

/* Begin XCConfigurationList section */
		02497C481EB60783004EABFB /* Build configuration list for PBXProject "Elemental" */ = {
			isa = XCConfigurationList;
			buildConfigurations = (
				02497C5A1EB60784004EABFB /* Debug */,
				02497C5B1EB60784004EABFB /* Release */,
			);
			defaultConfigurationIsVisible = 0;
			defaultConfigurationName = Release;
		};
		02497C5C1EB60784004EABFB /* Build configuration list for PBXNativeTarget "Elemental" */ = {
			isa = XCConfigurationList;
			buildConfigurations = (
				02497C5D1EB60784004EABFB /* Debug */,
				02497C5E1EB60784004EABFB /* Release */,
			);
			defaultConfigurationIsVisible = 0;
		};
/* End XCConfigurationList section */
	};
	rootObject = 02497C451EB60783004EABFB /* Project object */;
}
